# This file is autogenerated, do not edit; changes may be undone by the next 'dep ensure'.


[[projects]]
  name = "github.com/konsorten/go-windows-terminal-sequences"
  packages = ["."]
  revision = "f55edac94c9bbba5d6182a4be46d86a2c9b5b50e"
  version = "v1.0.2"

[[projects]]
  name = "github.com/sirupsen/logrus"
  packages = ["."]
  revision = "839c75faf7f98a33d445d181f3018b5c3409a45e"
  version = "v1.4.2"

[[projects]]
  branch = "master"
  name = "golang.org/x/sys"
  packages = ["unix"]
  revision = "2aa67d56cdd77167a5fb51358e8c3ce04bad68bb"

[solve-meta]
  analyzer-name = "dep"
  analyzer-version = 1
  inputs-digest = "440f70d8cc79d768b25824e2fde15752443ca2a8c54249f93816fe93b4ab8847"
  solver-name = "gps-cdcl"
  solver-version = 1
